
Microsoft Visual Studio Solution File, Format Version 12.00
# Visual Studio Version 16
VisualStudioVersion = 16.0.29806.167
MinimumVisualStudioVersion = 10.0.40219.1
Project("{2150E333-8FDC-42A3-9474-1A3956D46DE8}") = "Demo 1", "Demo 1", "{6FCEEF71-FB02-4D5C-8709-1BAE309E6725}"
EndProject
Project("{9A19103F-16F7-4668-BE54-9A1E7A4F7556}") = "Demo_01_TcpServer", "Demo_01_TcpServer\Demo_01_TcpServer.csproj", "{2959EB2C-BCA6-4FD4-9A3B-8D1F67A13370}"
EndProject
Project("{9A19103F-16F7-4668-BE54-9A1E7A4F7556}") = "Demo_01_TcpClient", "Demo_01_TcpClient\Demo_01_TcpClient.csproj", "{B4A004EB-E4E4-4749-AC4A-5BF171A4D295}"
EndProject
Project("{888888A0-9F3D-457C-B088-3A5042F75D52}") = "Demo_01_TcpClientPy", "Demo_01_TcpClientPy\Demo_01_TcpClientPy.pyproj", "{85BD8D2E-131C-4C12-8092-CFC8EB2173E8}"
EndProject
Project("{2150E333-8FDC-42A3-9474-1A3956D46DE8}") = "Demo 2", "Demo 2", "{F7FC88D0-A8E5-4911-9A1F-7F42E2950878}"
EndProject
Project("{8BC9CEB8-8B4A-11D0-8D11-00A0C91BC942}") = "Demo_02_IIC", "Demo_02_IIC\Demo_02_IIC.vcxproj", "{C5F80730-F44F-4478-BDAE-6634EFC2CA88}"
EndProject
Project("{2150E333-8FDC-42A3-9474-1A3956D46DE8}") = "Solution Items", "Solution Items", "{9AAC3DA6-7748-4555-B88E-87BE9991FEAC}"
	ProjectSection(SolutionItems) = preProject
		Demo 10 - Lora.md = Demo 10 - Lora.md
		Demo 11 - SignalR.md = Demo 11 - SignalR.md
		Demo 12 - gRPC.md = Demo 12 - gRPC.md
		Demo 13 -Azure IoT.md = Demo 13 -Azure IoT.md
		Demo 14 - Serverless Functions.md = Demo 14 - Serverless Functions.md
		Demo 2 - IIC.md = Demo 2 - IIC.md
		Demo 3 - RS232.md = Demo 3 - RS232.md
		Demo 4 - Modbus.md = Demo 4 - Modbus.md
		Demo 5 - KNX.md = Demo 5 - KNX.md
		Demo 6 - Open Hub.md = Demo 6 - Open Hub.md
		Demo 7 - Ethernet 2.md = Demo 7 - Ethernet 2.md
		Demo 8 - USB.md = Demo 8 - USB.md
		Demo 9 - OPC UA.md = Demo 9 - OPC UA.md
		Domo 1 - Netzwerk.md = Domo 1 - Netzwerk.md
		..\README.md = ..\README.md
	EndProjectSection
EndProject
Project("{2150E333-8FDC-42A3-9474-1A3956D46DE8}") = "Demo 3", "Demo 3", "{E487A091-32FC-42ED-83E3-710D863F58EF}"
EndProject
Project("{FAE04EC0-301F-11D3-BF4B-00C04F79EFBC}") = "Demo_03_RS232_PC", "Demo_03_RS232\Demo_03_RS232_PC\Demo_03_RS232_PC.csproj", "{140D665D-ACEF-4CFA-934B-984A760894B1}"
EndProject
Project("{8BC9CEB8-8B4A-11D0-8D11-00A0C91BC942}") = "Demo_03_RS232_Arduino", "Demo_03_RS232\Demo_03_RS232_Arduino\Demo_03_RS232_Arduino.vcxproj", "{669F51EC-0023-4D43-A3DE-FF79DB5C92A9}"
EndProject
Project("{2150E333-8FDC-42A3-9474-1A3956D46DE8}") = "Demo 4", "Demo 4", "{CB44194C-AF23-4445-986C-032729924802}"
EndProject
Global
	GlobalSection(SolutionConfigurationPlatforms) = preSolution
		Debug|Any CPU = Debug|Any CPU
		Debug|x86 = Debug|x86
		Release|Any CPU = Release|Any CPU
		Release|x86 = Release|x86
	EndGlobalSection
	GlobalSection(ProjectConfigurationPlatforms) = postSolution
		{2959EB2C-BCA6-4FD4-9A3B-8D1F67A13370}.Debug|Any CPU.ActiveCfg = Debug|Any CPU
		{2959EB2C-BCA6-4FD4-9A3B-8D1F67A13370}.Debug|Any CPU.Build.0 = Debug|Any CPU
		{2959EB2C-BCA6-4FD4-9A3B-8D1F67A13370}.Debug|x86.ActiveCfg = Debug|Any CPU
		{2959EB2C-BCA6-4FD4-9A3B-8D1F67A13370}.Debug|x86.Build.0 = Debug|Any CPU
		{2959EB2C-BCA6-4FD4-9A3B-8D1F67A13370}.Release|Any CPU.ActiveCfg = Release|Any CPU
		{2959EB2C-BCA6-4FD4-9A3B-8D1F67A13370}.Release|Any CPU.Build.0 = Release|Any CPU
		{2959EB2C-BCA6-4FD4-9A3B-8D1F67A13370}.Release|x86.ActiveCfg = Release|Any CPU
		{2959EB2C-BCA6-4FD4-9A3B-8D1F67A13370}.Release|x86.Build.0 = Release|Any CPU
		{B4A004EB-E4E4-4749-AC4A-5BF171A4D295}.Debug|Any CPU.ActiveCfg = Debug|Any CPU
		{B4A004EB-E4E4-4749-AC4A-5BF171A4D295}.Debug|Any CPU.Build.0 = Debug|Any CPU
		{B4A004EB-E4E4-4749-AC4A-5BF171A4D295}.Debug|x86.ActiveCfg = Debug|Any CPU
		{B4A004EB-E4E4-4749-AC4A-5BF171A4D295}.Debug|x86.Build.0 = Debug|Any CPU
		{B4A004EB-E4E4-4749-AC4A-5BF171A4D295}.Release|Any CPU.ActiveCfg = Release|Any CPU
		{B4A004EB-E4E4-4749-AC4A-5BF171A4D295}.Release|Any CPU.Build.0 = Release|Any CPU
		{B4A004EB-E4E4-4749-AC4A-5BF171A4D295}.Release|x86.ActiveCfg = Release|Any CPU
		{B4A004EB-E4E4-4749-AC4A-5BF171A4D295}.Release|x86.Build.0 = Release|Any CPU
		{85BD8D2E-131C-4C12-8092-CFC8EB2173E8}.Debug|Any CPU.ActiveCfg = Debug|Any CPU
		{85BD8D2E-131C-4C12-8092-CFC8EB2173E8}.Debug|x86.ActiveCfg = Debug|Any CPU
		{85BD8D2E-131C-4C12-8092-CFC8EB2173E8}.Release|Any CPU.ActiveCfg = Release|Any CPU
		{85BD8D2E-131C-4C12-8092-CFC8EB2173E8}.Release|x86.ActiveCfg = Release|Any CPU
		{C5F80730-F44F-4478-BDAE-6634EFC2CA88}.Debug|Any CPU.ActiveCfg = Debug|Win32
		{C5F80730-F44F-4478-BDAE-6634EFC2CA88}.Debug|x86.ActiveCfg = Debug|Win32
		{C5F80730-F44F-4478-BDAE-6634EFC2CA88}.Debug|x86.Build.0 = Debug|Win32
		{C5F80730-F44F-4478-BDAE-6634EFC2CA88}.Release|Any CPU.ActiveCfg = Release|Win32
		{C5F80730-F44F-4478-BDAE-6634EFC2CA88}.Release|x86.ActiveCfg = Release|Win32
		{C5F80730-F44F-4478-BDAE-6634EFC2CA88}.Release|x86.Build.0 = Release|Win32
		{140D665D-ACEF-4CFA-934B-984A760894B1}.Debug|Any CPU.ActiveCfg = Debug|Any CPU
		{140D665D-ACEF-4CFA-934B-984A760894B1}.Debug|Any CPU.Build.0 = Debug|Any CPU
		{140D665D-ACEF-4CFA-934B-984A760894B1}.Debug|x86.ActiveCfg = Debug|Any CPU
		{140D665D-ACEF-4CFA-934B-984A760894B1}.Debug|x86.Build.0 = Debug|Any CPU
		{140D665D-ACEF-4CFA-934B-984A760894B1}.Release|Any CPU.ActiveCfg = Release|Any CPU
		{140D665D-ACEF-4CFA-934B-984A760894B1}.Release|Any CPU.Build.0 = Release|Any CPU
		{140D665D-ACEF-4CFA-934B-984A760894B1}.Release|x86.ActiveCfg = Release|Any CPU
		{140D665D-ACEF-4CFA-934B-984A760894B1}.Release|x86.Build.0 = Release|Any CPU
		{669F51EC-0023-4D43-A3DE-FF79DB5C92A9}.Debug|Any CPU.ActiveCfg = Debug|Win32
		{669F51EC-0023-4D43-A3DE-FF79DB5C92A9}.Debug|x86.ActiveCfg = Debug|Win32
		{669F51EC-0023-4D43-A3DE-FF79DB5C92A9}.Debug|x86.Build.0 = Debug|Win32
		{669F51EC-0023-4D43-A3DE-FF79DB5C92A9}.Release|Any CPU.ActiveCfg = Release|Win32
		{669F51EC-0023-4D43-A3DE-FF79DB5C92A9}.Release|x86.ActiveCfg = Release|Win32
		{669F51EC-0023-4D43-A3DE-FF79DB5C92A9}.Release|x86.Build.0 = Release|Win32
	EndGlobalSection
	GlobalSection(SolutionProperties) = preSolution
		HideSolutionNode = FALSE
	EndGlobalSection
	GlobalSection(NestedProjects) = preSolution
		{2959EB2C-BCA6-4FD4-9A3B-8D1F67A13370} = {6FCEEF71-FB02-4D5C-8709-1BAE309E6725}
		{B4A004EB-E4E4-4749-AC4A-5BF171A4D295} = {6FCEEF71-FB02-4D5C-8709-1BAE309E6725}
		{85BD8D2E-131C-4C12-8092-CFC8EB2173E8} = {6FCEEF71-FB02-4D5C-8709-1BAE309E6725}
		{C5F80730-F44F-4478-BDAE-6634EFC2CA88} = {F7FC88D0-A8E5-4911-9A1F-7F42E2950878}
		{140D665D-ACEF-4CFA-934B-984A760894B1} = {E487A091-32FC-42ED-83E3-710D863F58EF}
		{669F51EC-0023-4D43-A3DE-FF79DB5C92A9} = {E487A091-32FC-42ED-83E3-710D863F58EF}
	EndGlobalSection
	GlobalSection(ExtensibilityGlobals) = postSolution
		SolutionGuid = {ABA08703-DC72-4F47-A761-8E95E7B7601E}
	EndGlobalSection
EndGlobal
